
Microsoft Visual Studio Solution File, Format Version 12.00
# Visual Studio 15
VisualStudioVersion = 15.0.28307.572
MinimumVisualStudioVersion = 10.0.40219.1
Project("{FAE04EC0-301F-11D3-BF4B-00C04F79EFBC}") = "Homework Project2", "Homework Project2\Homework Project2.csproj", "{F497A617-BCC6-4E4F-889F-5EFA23B1288A}"
EndProject
Global
	GlobalSection(SolutionConfigurationPlatforms) = preSolution
		Debug|Any CPU = Debug|Any CPU
		Release|Any CPU = Release|Any CPU
	EndGlobalSection
	GlobalSection(ProjectConfigurationPlatforms) = postSolution
		{F497A617-BCC6-4E4F-889F-5EFA23B1288A}.Debug|Any CPU.ActiveCfg = Debug|Any CPU
		{F497A617-BCC6-4E4F-889F-5EFA23B1288A}.Debug|Any CPU.Build.0 = Debug|Any CPU
		{F497A617-BCC6-4E4F-889F-5EFA23B1288A}.Release|Any CPU.ActiveCfg = Release|Any CPU
		{F497A617-BCC6-4E4F-889F-5EFA23B1288A}.Release|Any CPU.Build.0 = Release|Any CPU
	EndGlobalSection
	GlobalSection(SolutionProperties) = preSolution
		HideSolutionNode = FALSE
	EndGlobalSection
	GlobalSection(ExtensibilityGlobals) = postSolution
		SolutionGuid = {0651F3D1-BAB1-42A8-8B3C-A17C2622A2C7}
	EndGlobalSection
EndGlobal
